
Microsoft Visual Studio Solution File, Format Version 12.00
# Visual Studio Version 16
VisualStudioVersion = 16.0.32106.194
MinimumVisualStudioVersion = 10.0.40219.1
Project("{FAE04EC0-301F-11D3-BF4B-00C04F79EFBC}") = "lab_06", "lab_06\lab_06.csproj", "{EA2F96AB-F85C-47CB-B4E9-A92E19AA2019}"
EndProject
Global
	GlobalSection(SolutionConfigurationPlatforms) = preSolution
		Debug|Any CPU = Debug|Any CPU
		Release|Any CPU = Release|Any CPU
	EndGlobalSection
	GlobalSection(ProjectConfigurationPlatforms) = postSolution
		{EA2F96AB-F85C-47CB-B4E9-A92E19AA2019}.Debug|Any CPU.ActiveCfg = Debug|Any CPU
		{EA2F96AB-F85C-47CB-B4E9-A92E19AA2019}.Debug|Any CPU.Build.0 = Debug|Any CPU
		{EA2F96AB-F85C-47CB-B4E9-A92E19AA2019}.Release|Any CPU.ActiveCfg = Release|Any CPU
		{EA2F96AB-F85C-47CB-B4E9-A92E19AA2019}.Release|Any CPU.Build.0 = Release|Any CPU
	EndGlobalSection
	GlobalSection(SolutionProperties) = preSolution
		HideSolutionNode = FALSE
	EndGlobalSection
	GlobalSection(ExtensibilityGlobals) = postSolution
		SolutionGuid = {83DCE7CA-3902-4386-847F-234FC1BB586D}
	EndGlobalSection
EndGlobal
